
Microsoft Visual Studio Solution File, Format Version 11.00
# Visual Studio 2010
Project("{FAE04EC0-301F-11D3-BF4B-00C04F79EFBC}") = "Assembly-CSharp", "Assembly-CSharp.csproj", "{4BCEB513-F145-23F4-7DAA-2994A806695C}"
EndProject
Project("{FAE04EC0-301F-11D3-BF4B-00C04F79EFBC}") = "Assembly-CSharp-Editor", "Assembly-CSharp-Editor.csproj", "{71243112-3356-49C5-9F43-660865D5178D}"
EndProject
Global
	GlobalSection(SolutionConfigurationPlatforms) = preSolution
		Debug|Any CPU = Debug|Any CPU
		Release|Any CPU = Release|Any CPU
	EndGlobalSection
	GlobalSection(ProjectConfigurationPlatforms) = postSolution
		{4BCEB513-F145-23F4-7DAA-2994A806695C}.Debug|Any CPU.ActiveCfg = Debug|Any CPU
		{4BCEB513-F145-23F4-7DAA-2994A806695C}.Debug|Any CPU.Build.0 = Debug|Any CPU
		{4BCEB513-F145-23F4-7DAA-2994A806695C}.Release|Any CPU.ActiveCfg = Release|Any CPU
		{4BCEB513-F145-23F4-7DAA-2994A806695C}.Release|Any CPU.Build.0 = Release|Any CPU
		{71243112-3356-49C5-9F43-660865D5178D}.Debug|Any CPU.ActiveCfg = Debug|Any CPU
		{71243112-3356-49C5-9F43-660865D5178D}.Debug|Any CPU.Build.0 = Debug|Any CPU
		{71243112-3356-49C5-9F43-660865D5178D}.Release|Any CPU.ActiveCfg = Release|Any CPU
		{71243112-3356-49C5-9F43-660865D5178D}.Release|Any CPU.Build.0 = Release|Any CPU
	EndGlobalSection
	GlobalSection(SolutionProperties) = preSolution
		HideSolutionNode = FALSE
	EndGlobalSection
EndGlobal
